
Microsoft Visual Studio Solution File, Format Version 12.00
# Visual Studio 15
VisualStudioVersion = 15.0.27703.2042
MinimumVisualStudioVersion = 10.0.40219.1
Project("{9A19103F-16F7-4668-BE54-9A1E7A4F7556}") = "3PL.Net", "3PL.Net\3PL.Net.csproj", "{6D4F1913-0092-404C-A404-BAE86D5B11A8}"
EndProject
Project("{FAE04EC0-301F-11D3-BF4B-00C04F79EFBC}") = "3PL.Net.Tests", "3PL.Net.Tests\3PL.Net.Tests.csproj", "{6177DCC4-72DD-407D-BDB5-514D11947ABC}"
EndProject
Global
	GlobalSection(SolutionConfigurationPlatforms) = preSolution
		Debug|Any CPU = Debug|Any CPU
		Release|Any CPU = Release|Any CPU
	EndGlobalSection
	GlobalSection(ProjectConfigurationPlatforms) = postSolution
		{6D4F1913-0092-404C-A404-BAE86D5B11A8}.Debug|Any CPU.ActiveCfg = Debug|Any CPU
		{6D4F1913-0092-404C-A404-BAE86D5B11A8}.Debug|Any CPU.Build.0 = Debug|Any CPU
		{6D4F1913-0092-404C-A404-BAE86D5B11A8}.Release|Any CPU.ActiveCfg = Release|Any CPU
		{6D4F1913-0092-404C-A404-BAE86D5B11A8}.Release|Any CPU.Build.0 = Release|Any CPU
		{6177DCC4-72DD-407D-BDB5-514D11947ABC}.Debug|Any CPU.ActiveCfg = Debug|Any CPU
		{6177DCC4-72DD-407D-BDB5-514D11947ABC}.Debug|Any CPU.Build.0 = Debug|Any CPU
		{6177DCC4-72DD-407D-BDB5-514D11947ABC}.Release|Any CPU.ActiveCfg = Release|Any CPU
		{6177DCC4-72DD-407D-BDB5-514D11947ABC}.Release|Any CPU.Build.0 = Release|Any CPU
	EndGlobalSection
	GlobalSection(SolutionProperties) = preSolution
		HideSolutionNode = FALSE
	EndGlobalSection
	GlobalSection(ExtensibilityGlobals) = postSolution
		SolutionGuid = {03D61ED9-42DD-470E-B473-06A6F12724BC}
	EndGlobalSection
EndGlobal
